
Microsoft Visual Studio Solution File, Format Version 12.00
# Visual Studio Version 17
VisualStudioVersion = 17.0.32014.148
MinimumVisualStudioVersion = 10.0.40219.1
Project("{FAE04EC0-301F-11D3-BF4B-00C04F79EFBC}") = "c_sharp_calculator", "c_sharp_calculator\c_sharp_calculator.csproj", "{2CE4F7BA-C2C1-4D9E-A576-68546E494DAA}"
EndProject
Global
	GlobalSection(SolutionConfigurationPlatforms) = preSolution
		Debug|Any CPU = Debug|Any CPU
		Release|Any CPU = Release|Any CPU
	EndGlobalSection
	GlobalSection(ProjectConfigurationPlatforms) = postSolution
		{2CE4F7BA-C2C1-4D9E-A576-68546E494DAA}.Debug|Any CPU.ActiveCfg = Debug|Any CPU
		{2CE4F7BA-C2C1-4D9E-A576-68546E494DAA}.Debug|Any CPU.Build.0 = Debug|Any CPU
		{2CE4F7BA-C2C1-4D9E-A576-68546E494DAA}.Release|Any CPU.ActiveCfg = Release|Any CPU
		{2CE4F7BA-C2C1-4D9E-A576-68546E494DAA}.Release|Any CPU.Build.0 = Release|Any CPU
	EndGlobalSection
	GlobalSection(SolutionProperties) = preSolution
		HideSolutionNode = FALSE
	EndGlobalSection
	GlobalSection(ExtensibilityGlobals) = postSolution
		SolutionGuid = {75C05429-DAD6-4247-821C-D6A83E2CC659}
	EndGlobalSection
EndGlobal
